
Microsoft Visual Studio Solution File, Format Version 11.00
# Visual Studio 2010
Project("{FAE04EC0-301F-11D3-BF4B-00C04F79EFBC}") = "Assembly-CSharp", "Assembly-CSharp.csproj", "{82756A81-F8A8-DCB9-5157-7FE4E08F2FB2}"
EndProject
Project("{FAE04EC0-301F-11D3-BF4B-00C04F79EFBC}") = "Assembly-CSharp-Editor", "Assembly-CSharp-Editor.csproj", "{FF65A814-7C63-20F9-4A27-F05E2EDEE5DE}"
EndProject
Global
	GlobalSection(SolutionConfigurationPlatforms) = preSolution
		Debug|Any CPU = Debug|Any CPU
		Release|Any CPU = Release|Any CPU
	EndGlobalSection
	GlobalSection(ProjectConfigurationPlatforms) = postSolution
		{82756A81-F8A8-DCB9-5157-7FE4E08F2FB2}.Debug|Any CPU.ActiveCfg = Debug|Any CPU
		{82756A81-F8A8-DCB9-5157-7FE4E08F2FB2}.Debug|Any CPU.Build.0 = Debug|Any CPU
		{82756A81-F8A8-DCB9-5157-7FE4E08F2FB2}.Release|Any CPU.ActiveCfg = Release|Any CPU
		{82756A81-F8A8-DCB9-5157-7FE4E08F2FB2}.Release|Any CPU.Build.0 = Release|Any CPU
		{FF65A814-7C63-20F9-4A27-F05E2EDEE5DE}.Debug|Any CPU.ActiveCfg = Debug|Any CPU
		{FF65A814-7C63-20F9-4A27-F05E2EDEE5DE}.Debug|Any CPU.Build.0 = Debug|Any CPU
		{FF65A814-7C63-20F9-4A27-F05E2EDEE5DE}.Release|Any CPU.ActiveCfg = Release|Any CPU
		{FF65A814-7C63-20F9-4A27-F05E2EDEE5DE}.Release|Any CPU.Build.0 = Release|Any CPU
	EndGlobalSection
	GlobalSection(SolutionProperties) = preSolution
		HideSolutionNode = FALSE
	EndGlobalSection
EndGlobal
